
Microsoft Visual Studio Solution File, Format Version 12.00
# Visual Studio Version 16
VisualStudioVersion = 16.0.29609.76
MinimumVisualStudioVersion = 10.0.40219.1
Project("{FAE04EC0-301F-11D3-BF4B-00C04F79EFBC}") = "Server", "Server\Server.csproj", "{32555683-8F03-496E-83FB-ABB2F0F82B66}"
EndProject
Project("{FAE04EC0-301F-11D3-BF4B-00C04F79EFBC}") = "Klient", "Klient\Klient.csproj", "{BC4FE437-B7B5-4872-94E4-CF6B312BB284}"
EndProject
Global
	GlobalSection(SolutionConfigurationPlatforms) = preSolution
		Debug|Any CPU = Debug|Any CPU
		Release|Any CPU = Release|Any CPU
	EndGlobalSection
	GlobalSection(ProjectConfigurationPlatforms) = postSolution
		{32555683-8F03-496E-83FB-ABB2F0F82B66}.Debug|Any CPU.ActiveCfg = Debug|Any CPU
		{32555683-8F03-496E-83FB-ABB2F0F82B66}.Debug|Any CPU.Build.0 = Debug|Any CPU
		{32555683-8F03-496E-83FB-ABB2F0F82B66}.Release|Any CPU.ActiveCfg = Release|Any CPU
		{32555683-8F03-496E-83FB-ABB2F0F82B66}.Release|Any CPU.Build.0 = Release|Any CPU
		{BC4FE437-B7B5-4872-94E4-CF6B312BB284}.Debug|Any CPU.ActiveCfg = Debug|Any CPU
		{BC4FE437-B7B5-4872-94E4-CF6B312BB284}.Debug|Any CPU.Build.0 = Debug|Any CPU
		{BC4FE437-B7B5-4872-94E4-CF6B312BB284}.Release|Any CPU.ActiveCfg = Release|Any CPU
		{BC4FE437-B7B5-4872-94E4-CF6B312BB284}.Release|Any CPU.Build.0 = Release|Any CPU
	EndGlobalSection
	GlobalSection(SolutionProperties) = preSolution
		HideSolutionNode = FALSE
	EndGlobalSection
	GlobalSection(ExtensibilityGlobals) = postSolution
		SolutionGuid = {FA2BBF20-A3A5-427E-A9EA-52CA9B87AE60}
	EndGlobalSection
EndGlobal
